
Microsoft Visual Studio Solution File, Format Version 12.00
# Visual Studio Version 17
VisualStudioVersion = 17.2.32616.157
MinimumVisualStudioVersion = 10.0.40219.1
Project("{2150E333-8FDC-42A3-9474-1A3956D46DE8}") = "Core", "Core", "{F78201EB-7A6A-4FE3-8C70-7D9C8388686E}"
EndProject
Project("{2150E333-8FDC-42A3-9474-1A3956D46DE8}") = "Services", "Services", "{DA1BA741-C907-44FE-BECC-C3611BFDE025}"
EndProject
Project("{9A19103F-16F7-4668-BE54-9A1E7A4F7556}") = "BookingApp.Bus", "BookingApp.Bus\BookingApp.Bus.csproj", "{808DD00C-57EE-43C7-B41E-7B531CB61637}"
EndProject
Project("{9A19103F-16F7-4668-BE54-9A1E7A4F7556}") = "BookingApp.Core", "BookingApp.Core\BookingApp.Core.csproj", "{CBF0BDC1-5964-429E-A957-32629BA32C5D}"
EndProject
Project("{2150E333-8FDC-42A3-9474-1A3956D46DE8}") = "Booking", "Booking", "{3E5C69E0-06A8-46C6-9B7F-39317EDCF3B9}"
EndProject
Project("{2150E333-8FDC-42A3-9474-1A3956D46DE8}") = "Flight", "Flight", "{282960C4-79F7-4351-B5E2-8DF246D2F459}"
EndProject
Project("{2150E333-8FDC-42A3-9474-1A3956D46DE8}") = "Email", "Email", "{E86FCEFB-91B7-426F-BF6C-622AA43EF2E4}"
EndProject
Project("{2150E333-8FDC-42A3-9474-1A3956D46DE8}") = "Identity", "Identity", "{E22FD222-51DB-4FD7-8E73-0CEBE45AC994}"
EndProject
Project("{2150E333-8FDC-42A3-9474-1A3956D46DE8}") = "Passenger", "Passenger", "{4BCF8A8D-0804-4E09-8104-56A38F05F6ED}"
EndProject
Project("{9A19103F-16F7-4668-BE54-9A1E7A4F7556}") = "BookingApp.Booking.API", "BookingApp.Booking.API\BookingApp.Booking.API.csproj", "{B7D4052A-FCC8-4FFC-BD45-3419B0D13C8B}"
EndProject
Project("{9A19103F-16F7-4668-BE54-9A1E7A4F7556}") = "BookingApp.Booking.Domain", "BookingApp.Booking.Domain\BookingApp.Booking.Domain.csproj", "{31B192A3-03D6-4728-83F0-5FADDFB556C8}"
EndProject
Project("{9A19103F-16F7-4668-BE54-9A1E7A4F7556}") = "BookingApp.Booking.Infra", "BookingApp.Booking.Infra\BookingApp.Booking.Infra.csproj", "{98955158-4E5F-4298-A948-16D3A1560F50}"
EndProject
Project("{9A19103F-16F7-4668-BE54-9A1E7A4F7556}") = "BookingApp.Email", "BookingApp.Email\BookingApp.Email.csproj", "{52C2B0B7-3998-4BFE-A3FB-47D547E15295}"
EndProject
Project("{9A19103F-16F7-4668-BE54-9A1E7A4F7556}") = "BookingApp.Identity", "BookingApp.Identity\BookingApp.Identity.csproj", "{DA50C90E-71DC-40C3-B0D9-64723D017A07}"
EndProject
Project("{9A19103F-16F7-4668-BE54-9A1E7A4F7556}") = "BookingApp.Passenger", "BookingApp.Passenger\BookingApp.Passenger.csproj", "{9CE36E50-40D8-450C-A364-F4B9105B559F}"
EndProject
Project("{9A19103F-16F7-4668-BE54-9A1E7A4F7556}") = "BookingApp.Flight.API", "BookingApp.Flight.API\BookingApp.Flight.API.csproj", "{E1C07D2D-AFFF-496E-94EB-E60D85ECD8C8}"
EndProject
Project("{9A19103F-16F7-4668-BE54-9A1E7A4F7556}") = "BookingApp.Flight.Domain", "BookingApp.Flight.Domain\BookingApp.Flight.Domain.csproj", "{DC7233EB-460E-44F1-8B4C-1C81E48391B9}"
EndProject
Project("{9A19103F-16F7-4668-BE54-9A1E7A4F7556}") = "BookingApp.Flight.Infra", "BookingApp.Flight.Infra\BookingApp.Flight.Infra.csproj", "{3C636E53-2127-4BF7-9030-FEF68D248474}"
EndProject
Global
	GlobalSection(SolutionConfigurationPlatforms) = preSolution
		Debug|Any CPU = Debug|Any CPU
		Release|Any CPU = Release|Any CPU
	EndGlobalSection
	GlobalSection(ProjectConfigurationPlatforms) = postSolution
		{808DD00C-57EE-43C7-B41E-7B531CB61637}.Debug|Any CPU.ActiveCfg = Debug|Any CPU
		{808DD00C-57EE-43C7-B41E-7B531CB61637}.Debug|Any CPU.Build.0 = Debug|Any CPU
		{808DD00C-57EE-43C7-B41E-7B531CB61637}.Release|Any CPU.ActiveCfg = Release|Any CPU
		{808DD00C-57EE-43C7-B41E-7B531CB61637}.Release|Any CPU.Build.0 = Release|Any CPU
		{CBF0BDC1-5964-429E-A957-32629BA32C5D}.Debug|Any CPU.ActiveCfg = Debug|Any CPU
		{CBF0BDC1-5964-429E-A957-32629BA32C5D}.Debug|Any CPU.Build.0 = Debug|Any CPU
		{CBF0BDC1-5964-429E-A957-32629BA32C5D}.Release|Any CPU.ActiveCfg = Release|Any CPU
		{CBF0BDC1-5964-429E-A957-32629BA32C5D}.Release|Any CPU.Build.0 = Release|Any CPU
		{B7D4052A-FCC8-4FFC-BD45-3419B0D13C8B}.Debug|Any CPU.ActiveCfg = Debug|Any CPU
		{B7D4052A-FCC8-4FFC-BD45-3419B0D13C8B}.Debug|Any CPU.Build.0 = Debug|Any CPU
		{B7D4052A-FCC8-4FFC-BD45-3419B0D13C8B}.Release|Any CPU.ActiveCfg = Release|Any CPU
		{B7D4052A-FCC8-4FFC-BD45-3419B0D13C8B}.Release|Any CPU.Build.0 = Release|Any CPU
		{31B192A3-03D6-4728-83F0-5FADDFB556C8}.Debug|Any CPU.ActiveCfg = Debug|Any CPU
		{31B192A3-03D6-4728-83F0-5FADDFB556C8}.Debug|Any CPU.Build.0 = Debug|Any CPU
		{31B192A3-03D6-4728-83F0-5FADDFB556C8}.Release|Any CPU.ActiveCfg = Release|Any CPU
		{31B192A3-03D6-4728-83F0-5FADDFB556C8}.Release|Any CPU.Build.0 = Release|Any CPU
		{98955158-4E5F-4298-A948-16D3A1560F50}.Debug|Any CPU.ActiveCfg = Debug|Any CPU
		{98955158-4E5F-4298-A948-16D3A1560F50}.Debug|Any CPU.Build.0 = Debug|Any CPU
		{98955158-4E5F-4298-A948-16D3A1560F50}.Release|Any CPU.ActiveCfg = Release|Any CPU
		{98955158-4E5F-4298-A948-16D3A1560F50}.Release|Any CPU.Build.0 = Release|Any CPU
		{52C2B0B7-3998-4BFE-A3FB-47D547E15295}.Debug|Any CPU.ActiveCfg = Debug|Any CPU
		{52C2B0B7-3998-4BFE-A3FB-47D547E15295}.Debug|Any CPU.Build.0 = Debug|Any CPU
		{52C2B0B7-3998-4BFE-A3FB-47D547E15295}.Release|Any CPU.ActiveCfg = Release|Any CPU
		{52C2B0B7-3998-4BFE-A3FB-47D547E15295}.Release|Any CPU.Build.0 = Release|Any CPU
		{DA50C90E-71DC-40C3-B0D9-64723D017A07}.Debug|Any CPU.ActiveCfg = Debug|Any CPU
		{DA50C90E-71DC-40C3-B0D9-64723D017A07}.Debug|Any CPU.Build.0 = Debug|Any CPU
		{DA50C90E-71DC-40C3-B0D9-64723D017A07}.Release|Any CPU.ActiveCfg = Release|Any CPU
		{DA50C90E-71DC-40C3-B0D9-64723D017A07}.Release|Any CPU.Build.0 = Release|Any CPU
		{9CE36E50-40D8-450C-A364-F4B9105B559F}.Debug|Any CPU.ActiveCfg = Debug|Any CPU
		{9CE36E50-40D8-450C-A364-F4B9105B559F}.Debug|Any CPU.Build.0 = Debug|Any CPU
		{9CE36E50-40D8-450C-A364-F4B9105B559F}.Release|Any CPU.ActiveCfg = Release|Any CPU
		{9CE36E50-40D8-450C-A364-F4B9105B559F}.Release|Any CPU.Build.0 = Release|Any CPU
		{E1C07D2D-AFFF-496E-94EB-E60D85ECD8C8}.Debug|Any CPU.ActiveCfg = Debug|Any CPU
		{E1C07D2D-AFFF-496E-94EB-E60D85ECD8C8}.Debug|Any CPU.Build.0 = Debug|Any CPU
		{E1C07D2D-AFFF-496E-94EB-E60D85ECD8C8}.Release|Any CPU.ActiveCfg = Release|Any CPU
		{E1C07D2D-AFFF-496E-94EB-E60D85ECD8C8}.Release|Any CPU.Build.0 = Release|Any CPU
		{DC7233EB-460E-44F1-8B4C-1C81E48391B9}.Debug|Any CPU.ActiveCfg = Debug|Any CPU
		{DC7233EB-460E-44F1-8B4C-1C81E48391B9}.Debug|Any CPU.Build.0 = Debug|Any CPU
		{DC7233EB-460E-44F1-8B4C-1C81E48391B9}.Release|Any CPU.ActiveCfg = Release|Any CPU
		{DC7233EB-460E-44F1-8B4C-1C81E48391B9}.Release|Any CPU.Build.0 = Release|Any CPU
		{3C636E53-2127-4BF7-9030-FEF68D248474}.Debug|Any CPU.ActiveCfg = Debug|Any CPU
		{3C636E53-2127-4BF7-9030-FEF68D248474}.Debug|Any CPU.Build.0 = Debug|Any CPU
		{3C636E53-2127-4BF7-9030-FEF68D248474}.Release|Any CPU.ActiveCfg = Release|Any CPU
		{3C636E53-2127-4BF7-9030-FEF68D248474}.Release|Any CPU.Build.0 = Release|Any CPU
	EndGlobalSection
	GlobalSection(SolutionProperties) = preSolution
		HideSolutionNode = FALSE
	EndGlobalSection
	GlobalSection(NestedProjects) = preSolution
		{808DD00C-57EE-43C7-B41E-7B531CB61637} = {F78201EB-7A6A-4FE3-8C70-7D9C8388686E}
		{CBF0BDC1-5964-429E-A957-32629BA32C5D} = {F78201EB-7A6A-4FE3-8C70-7D9C8388686E}
		{3E5C69E0-06A8-46C6-9B7F-39317EDCF3B9} = {DA1BA741-C907-44FE-BECC-C3611BFDE025}
		{282960C4-79F7-4351-B5E2-8DF246D2F459} = {DA1BA741-C907-44FE-BECC-C3611BFDE025}
		{E86FCEFB-91B7-426F-BF6C-622AA43EF2E4} = {DA1BA741-C907-44FE-BECC-C3611BFDE025}
		{E22FD222-51DB-4FD7-8E73-0CEBE45AC994} = {DA1BA741-C907-44FE-BECC-C3611BFDE025}
		{4BCF8A8D-0804-4E09-8104-56A38F05F6ED} = {DA1BA741-C907-44FE-BECC-C3611BFDE025}
		{B7D4052A-FCC8-4FFC-BD45-3419B0D13C8B} = {3E5C69E0-06A8-46C6-9B7F-39317EDCF3B9}
		{31B192A3-03D6-4728-83F0-5FADDFB556C8} = {3E5C69E0-06A8-46C6-9B7F-39317EDCF3B9}
		{98955158-4E5F-4298-A948-16D3A1560F50} = {3E5C69E0-06A8-46C6-9B7F-39317EDCF3B9}
		{52C2B0B7-3998-4BFE-A3FB-47D547E15295} = {E86FCEFB-91B7-426F-BF6C-622AA43EF2E4}
		{DA50C90E-71DC-40C3-B0D9-64723D017A07} = {E22FD222-51DB-4FD7-8E73-0CEBE45AC994}
		{9CE36E50-40D8-450C-A364-F4B9105B559F} = {4BCF8A8D-0804-4E09-8104-56A38F05F6ED}
		{E1C07D2D-AFFF-496E-94EB-E60D85ECD8C8} = {282960C4-79F7-4351-B5E2-8DF246D2F459}
		{DC7233EB-460E-44F1-8B4C-1C81E48391B9} = {282960C4-79F7-4351-B5E2-8DF246D2F459}
		{3C636E53-2127-4BF7-9030-FEF68D248474} = {282960C4-79F7-4351-B5E2-8DF246D2F459}
	EndGlobalSection
	GlobalSection(ExtensibilityGlobals) = postSolution
		SolutionGuid = {9600ED13-25A5-4722-8BA4-D7865898BDE1}
	EndGlobalSection
EndGlobal
